// !$*UTF8*$!
{
	archiveVersion = 1;
	classes = {
	};
	objectVersion = 46;
	objects = {

/* Begin PBXBuildFile section */
		917356D21E8269200076A6FB /* AppDelegate.swift in Sources */ = {isa = PBXBuildFile; fileRef = 917356D11E8269200076A6FB /* AppDelegate.swift */; };
		917356D41E8269200076A6FB /* ViewController.swift in Sources */ = {isa = PBXBuildFile; fileRef = 917356D31E8269200076A6FB /* ViewController.swift */; };
		917356D71E8269200076A6FB /* Main.storyboard in Resources */ = {isa = PBXBuildFile; fileRef = 917356D51E8269200076A6FB /* Main.storyboard */; };
		917356DA1E8269200076A6FB /* Pokemon.xcdatamodeld in Sources */ = {isa = PBXBuildFile; fileRef = 917356D81E8269200076A6FB /* Pokemon.xcdatamodeld */; };
		917356DC1E8269200076A6FB /* Assets.xcassets in Resources */ = {isa = PBXBuildFile; fileRef = 917356DB1E8269200076A6FB /* Assets.xcassets */; };
		917356DF1E8269200076A6FB /* LaunchScreen.storyboard in Resources */ = {isa = PBXBuildFile; fileRef = 917356DD1E8269200076A6FB /* LaunchScreen.storyboard */; };
		917356E81E8269A30076A6FB /* MapKit.framework in Frameworks */ = {isa = PBXBuildFile; fileRef = 917356E71E8269A30076A6FB /* MapKit.framework */; };
		91AFC46C1E8A38A10022D220 /* PokedexViewController.swift in Sources */ = {isa = PBXBuildFile; fileRef = 91AFC46B1E8A38A10022D220 /* PokedexViewController.swift */; };
		91AFC46E1E8A3CDA0022D220 /* CoreDataHelp.swift in Sources */ = {isa = PBXBuildFile; fileRef = 91AFC46D1E8A3CDA0022D220 /* CoreDataHelp.swift */; };
/* End PBXBuildFile section */

/* Begin PBXFileReference section */
		917356CE1E8269200076A6FB /* Pokemon.app */ = {isa = PBXFileReference; explicitFileType = wrapper.application; includeInIndex = 0; path = Pokemon.app; sourceTree = BUILT_PRODUCTS_DIR; };
		917356D11E8269200076A6FB /* AppDelegate.swift */ = {isa = PBXFileReference; lastKnownFileType = sourcecode.swift; path = AppDelegate.swift; sourceTree = "<group>"; };
		917356D31E8269200076A6FB /* ViewController.swift */ = {isa = PBXFileReference; lastKnownFileType = sourcecode.swift; path = ViewController.swift; sourceTree = "<group>"; };
		917356D61E8269200076A6FB /* Base */ = {isa = PBXFileReference; lastKnownFileType = file.storyboard; name = Base; path = Base.lproj/Main.storyboard; sourceTree = "<group>"; };
		917356D91E8269200076A6FB /* Pokemon.xcdatamodel */ = {isa = PBXFileReference; lastKnownFileType = wrapper.xcdatamodel; path = Pokemon.xcdatamodel; sourceTree = "<group>"; };
		917356DB1E8269200076A6FB /* Assets.xcassets */ = {isa = PBXFileReference; lastKnownFileType = folder.assetcatalog; path = Assets.xcassets; sourceTree = "<group>"; };
		917356DE1E8269200076A6FB /* Base */ = {isa = PBXFileReference; lastKnownFileType = file.storyboard; name = Base; path = Base.lproj/LaunchScreen.storyboard; sourceTree = "<group>"; };
		917356E01E8269200076A6FB /* Info.plist */ = {isa = PBXFileReference; lastKnownFileType = text.plist.xml; path = Info.plist; sourceTree = "<group>"; };
		917356E71E8269A30076A6FB /* MapKit.framework */ = {isa = PBXFileReference; lastKnownFileType = wrapper.framework; name = MapKit.framework; path = System/Library/Frameworks/MapKit.framework; sourceTree = SDKROOT; };
		91AFC46B1E8A38A10022D220 /* PokedexViewController.swift */ = {isa = PBXFileReference; fileEncoding = 4; lastKnownFileType = sourcecode.swift; path = PokedexViewController.swift; sourceTree = "<group>"; };
		91AFC46D1E8A3CDA0022D220 /* CoreDataHelp.swift */ = {isa = PBXFileReference; fileEncoding = 4; lastKnownFileType = sourcecode.swift; path = CoreDataHelp.swift; sourceTree = "<group>"; };
/* End PBXFileReference section */

/* Begin PBXFrameworksBuildPhase section */
		917356CB1E8269200076A6FB /* Frameworks */ = {
			isa = PBXFrameworksBuildPhase;
			buildActionMask = 2147483647;
			files = (
				917356E81E8269A30076A6FB /* MapKit.framework in Frameworks */,
			);
			runOnlyForDeploymentPostprocessing = 0;
		};
/* End PBXFrameworksBuildPhase section */

/* Begin PBXGroup section */
		917356C51E8269200076A6FB = {
			isa = PBXGroup;
			children = (
				917356D01E8269200076A6FB /* Pokemon */,
				917356CF1E8269200076A6FB /* Products */,
				917356E61E8269A30076A6FB /* Frameworks */,
			);
			sourceTree = "<group>";
		};
		917356CF1E8269200076A6FB /* Products */ = {
			isa = PBXGroup;
			children = (
				917356CE1E8269200076A6FB /* Pokemon.app */,
			);
			name = Products;
			sourceTree = "<group>";
		};
		917356D01E8269200076A6FB /* Pokemon */ = {
			isa = PBXGroup;
			children = (
				917356D11E8269200076A6FB /* AppDelegate.swift */,
				917356D31E8269200076A6FB /* ViewController.swift */,
				91AFC46B1E8A38A10022D220 /* PokedexViewController.swift */,
				91AFC46D1E8A3CDA0022D220 /* CoreDataHelp.swift */,
				917356D51E8269200076A6FB /* Main.storyboard */,
				917356DB1E8269200076A6FB /* Assets.xcassets */,
				917356DD1E8269200076A6FB /* LaunchScreen.storyboard */,
				917356E01E8269200076A6FB /* Info.plist */,
				917356D81E8269200076A6FB /* Pokemon.xcdatamodeld */,
			);
			path = Pokemon;
			sourceTree = "<group>";
		};
		917356E61E8269A30076A6FB /* Frameworks */ = {
			isa = PBXGroup;
			children = (
				917356E71E8269A30076A6FB /* MapKit.framework */,
			);
			name = Frameworks;
			sourceTree = "<group>";
		};
/* End PBXGroup section */

/* Begin PBXNativeTarget section */
		917356CD1E8269200076A6FB /* Pokemon */ = {
			isa = PBXNativeTarget;
			buildConfigurationList = 917356E31E8269200076A6FB /* Build configuration list for PBXNativeTarget "Pokemon" */;
			buildPhases = (
				917356CA1E8269200076A6FB /* Sources */,
				917356CB1E8269200076A6FB /* Frameworks */,
				917356CC1E8269200076A6FB /* Resources */,
			);
			buildRules = (
			);
			dependencies = (
			);
			name = Pokemon;
			productName = Pokemon;
			productReference = 917356CE1E8269200076A6FB /* Pokemon.app */;
			productType = "com.apple.product-type.application";
		};
/* End PBXNativeTarget section */

/* Begin PBXProject section */
		917356C61E8269200076A6FB /* Project object */ = {
			isa = PBXProject;
			attributes = {
				LastSwiftUpdateCheck = 0820;
				LastUpgradeCheck = 0820;
				ORGANIZATIONNAME = kurifu;
				TargetAttributes = {
					917356CD1E8269200076A6FB = {
						CreatedOnToolsVersion = 8.2.1;
						DevelopmentTeam = FYWFFZU43Q;
						ProvisioningStyle = Automatic;
					};
				};
			};
			buildConfigurationList = 917356C91E8269200076A6FB /* Build configuration list for PBXProject "Pokemon" */;
			compatibilityVersion = "Xcode 3.2";
			developmentRegion = English;
			hasScannedForEncodings = 0;
			knownRegions = (
				en,
				Base,
			);
			mainGroup = 917356C51E8269200076A6FB;
			productRefGroup = 917356CF1E8269200076A6FB /* Products */;
			projectDirPath = "";
			projectRoot = "";
			targets = (
				917356CD1E8269200076A6FB /* Pokemon */,
			);
		};
/* End PBXProject section */

/* Begin PBXResourcesBuildPhase section */
		917356CC1E8269200076A6FB /* Resources */ = {
			isa = PBXResourcesBuildPhase;
			buildActionMask = 2147483647;
			files = (
				917356DF1E8269200076A6FB /* LaunchScreen.storyboard in Resources */,
				917356DC1E8269200076A6FB /* Assets.xcassets in Resources */,
				917356D71E8269200076A6FB /* Main.storyboard in Resources */,
			);
			runOnlyForDeploymentPostprocessing = 0;
		};
/* End PBXResourcesBuildPhase section */

/* Begin PBXSourcesBuildPhase section */
		917356CA1E8269200076A6FB /* Sources */ = {
			isa = PBXSourcesBuildPhase;
			buildActionMask = 2147483647;
			files = (
				917356D41E8269200076A6FB /* ViewController.swift in Sources */,
				91AFC46C1E8A38A10022D220 /* PokedexViewController.swift in Sources */,
				917356D21E8269200076A6FB /* AppDelegate.swift in Sources */,
				91AFC46E1E8A3CDA0022D220 /* CoreDataHelp.swift in Sources */,
				917356DA1E8269200076A6FB /* Pokemon.xcdatamodeld in Sources */,
			);
			runOnlyForDeploymentPostprocessing = 0;
		};
/* End PBXSourcesBuildPhase section */

/* Begin PBXVariantGroup section */
		917356D51E8269200076A6FB /* Main.storyboard */ = {
			isa = PBXVariantGroup;
			children = (
				917356D61E8269200076A6FB /* Base */,
			);
			name = Main.storyboard;
			sourceTree = "<group>";
		};
		917356DD1E8269200076A6FB /* LaunchScreen.storyboard */ = {
			isa = PBXVariantGroup;
			children = (
				917356DE1E8269200076A6FB /* Base */,
			);
			name = LaunchScreen.storyboard;
			sourceTree = "<group>";
		};
/* End PBXVariantGroup section */

/* Begin XCBuildConfiguration section */
		917356E11E8269200076A6FB /* Debug */ = {
			isa = XCBuildConfiguration;
			buildSettings = {
				ALWAYS_SEARCH_USER_PATHS = NO;
				CLANG_ANALYZER_NONNULL = YES;
				CLANG_CXX_LANGUAGE_STANDARD = "gnu++0x";
				CLANG_CXX_LIBRARY = "libc++";
				CLANG_ENABLE_MODULES = YES;
				CLANG_ENABLE_OBJC_ARC = YES;
				CLANG_WARN_BOOL_CONVERSION = YES;
				CLANG_WARN_CONSTANT_CONVERSION = YES;
				CLANG_WARN_DIRECT_OBJC_ISA_USAGE = YES_ERROR;
				CLANG_WARN_DOCUMENTATION_COMMENTS = YES;
				CLANG_WARN_EMPTY_BODY = YES;
				CLANG_WARN_ENUM_CONVERSION = YES;
				CLANG_WARN_INFINITE_RECURSION = YES;
				CLANG_WARN_INT_CONVERSION = YES;
				CLANG_WARN_OBJC_ROOT_CLASS = YES_ERROR;
				CLANG_WARN_SUSPICIOUS_MOVE = YES;
				CLANG_WARN_UNREACHABLE_CODE = YES;
				CLANG_WARN__DUPLICATE_METHOD_MATCH = YES;
				"CODE_SIGN_IDENTITY[sdk=iphoneos*]" = "iPhone Developer";
				COPY_PHASE_STRIP = NO;
				DEBUG_INFORMATION_FORMAT = dwarf;
				ENABLE_STRICT_OBJC_MSGSEND = YES;
				ENABLE_TESTABILITY = YES;
				GCC_C_LANGUAGE_STANDARD = gnu99;
				GCC_DYNAMIC_NO_PIC = NO;
				GCC_NO_COMMON_BLOCKS = YES;
				GCC_OPTIMIZATION_LEVEL = 0;
				GCC_PREPROCESSOR_DEFINITIONS = (
					"DEBUG=1",
					"$(inherited)",
				);
				GCC_WARN_64_TO_32_BIT_CONVERSION = YES;
				GCC_WARN_ABOUT_RETURN_TYPE = YES_ERROR;
				GCC_WARN_UNDECLARED_SELECTOR = YES;
				GCC_WARN_UNINITIALIZED_AUTOS = YES_AGGRESSIVE;
				GCC_WARN_UNUSED_FUNCTION = YES;
				GCC_WARN_UNUSED_VARIABLE = YES;
				IPHONEOS_DEPLOYMENT_TARGET = 10.2;
				MTL_ENABLE_DEBUG_INFO = YES;
				ONLY_ACTIVE_ARCH = YES;
				SDKROOT = iphoneos;
				SWIFT_ACTIVE_COMPILATION_CONDITIONS = DEBUG;
				SWIFT_OPTIMIZATION_LEVEL = "-Onone";
				TARGETED_DEVICE_FAMILY = "1,2";
			};
			name = Debug;
		};
		917356E21E8269200076A6FB /* Release */ = {
			isa = XCBuildConfiguration;
			buildSettings = {
				ALWAYS_SEARCH_USER_PATHS = NO;
				CLANG_ANALYZER_NONNULL = YES;
				CLANG_CXX_LANGUAGE_STANDARD = "gnu++0x";
				CLANG_CXX_LIBRARY = "libc++";
				CLANG_ENABLE_MODULES = YES;
				CLANG_ENABLE_OBJC_ARC = YES;
				CLANG_WARN_BOOL_CONVERSION = YES;
				CLANG_WARN_CONSTANT_CONVERSION = YES;
				CLANG_WARN_DIRECT_OBJC_ISA_USAGE = YES_ERROR;
				CLANG_WARN_DOCUMENTATION_COMMENTS = YES;
				CLANG_WARN_EMPTY_BODY = YES;
				CLANG_WARN_ENUM_CONVERSION = YES;
				CLANG_WARN_INFINITE_RECURSION = YES;
				CLANG_WARN_INT_CONVERSION = YES;
				CLANG_WARN_OBJC_ROOT_CLASS = YES_ERROR;
				CLANG_WARN_SUSPICIOUS_MOVE = YES;
				CLANG_WARN_UNREACHABLE_CODE = YES;
				CLANG_WARN__DUPLICATE_METHOD_MATCH = YES;
				"CODE_SIGN_IDENTITY[sdk=iphoneos*]" = "iPhone Developer";
				COPY_PHASE_STRIP = NO;
				DEBUG_INFORMATION_FORMAT = "dwarf-with-dsym";
				ENABLE_NS_ASSERTIONS = NO;
				ENABLE_STRICT_OBJC_MSGSEND = YES;
				GCC_C_LANGUAGE_STANDARD = gnu99;
				GCC_NO_COMMON_BLOCKS = YES;
				GCC_WARN_64_TO_32_BIT_CONVERSION = YES;
				GCC_WARN_ABOUT_RETURN_TYPE = YES_ERROR;
				GCC_WARN_UNDECLARED_SELECTOR = YES;
				GCC_WARN_UNINITIALIZED_AUTOS = YES_AGGRESSIVE;
				GCC_WARN_UNUSED_FUNCTION = YES;
				GCC_WARN_UNUSED_VARIABLE = YES;
				IPHONEOS_DEPLOYMENT_TARGET = 10.2;
				MTL_ENABLE_DEBUG_INFO = NO;
				SDKROOT = iphoneos;
				SWIFT_OPTIMIZATION_LEVEL = "-Owholemodule";
				TARGETED_DEVICE_FAMILY = "1,2";
				VALIDATE_PRODUCT = YES;
			};
			name = Release;
		};
		917356E41E8269200076A6FB /* Debug */ = {
			isa = XCBuildConfiguration;
			buildSettings = {
				ASSETCATALOG_COMPILER_APPICON_NAME = AppIcon;
				DEVELOPMENT_TEAM = FYWFFZU43Q;
				INFOPLIST_FILE = Pokemon/Info.plist;
				LD_RUNPATH_SEARCH_PATHS = "$(inherited) @executable_path/Frameworks";
				PRODUCT_BUNDLE_IDENTIFIER = com.kurifu.Pokemon;
				PRODUCT_NAME = "$(TARGET_NAME)";
				SWIFT_VERSION = 3.0;
			};
			name = Debug;
		};
		917356E51E8269200076A6FB /* Release */ = {
			isa = XCBuildConfiguration;
			buildSettings = {
				ASSETCATALOG_COMPILER_APPICON_NAME = AppIcon;
				DEVELOPMENT_TEAM = FYWFFZU43Q;
				INFOPLIST_FILE = Pokemon/Info.plist;
				LD_RUNPATH_SEARCH_PATHS = "$(inherited) @executable_path/Frameworks";
				PRODUCT_BUNDLE_IDENTIFIER = com.kurifu.Pokemon;
				PRODUCT_NAME = "$(TARGET_NAME)";
				SWIFT_VERSION = 3.0;
			};
			name = Release;
		};
/* End XCBuildConfiguration section */

/* Begin XCConfigurationList section */
		917356C91E8269200076A6FB /* Build configuration list for PBXProject "Pokemon" */ = {
			isa = XCConfigurationList;
			buildConfigurations = (
				917356E11E8269200076A6FB /* Debug */,
				917356E21E8269200076A6FB /* Release */,
			);
			defaultConfigurationIsVisible = 0;
			defaultConfigurationName = Release;
		};
		917356E31E8269200076A6FB /* Build configuration list for PBXNativeTarget "Pokemon" */ = {
			isa = XCConfigurationList;
			buildConfigurations = (
				917356E41E8269200076A6FB /* Debug */,
				917356E51E8269200076A6FB /* Release */,
			);
			defaultConfigurationIsVisible = 0;
			defaultConfigurationName = Release;
		};
/* End XCConfigurationList section */

/* Begin XCVersionGroup section */
		917356D81E8269200076A6FB /* Pokemon.xcdatamodeld */ = {
			isa = XCVersionGroup;
			children = (
				917356D91E8269200076A6FB /* Pokemon.xcdatamodel */,
			);
			currentVersion = 917356D91E8269200076A6FB /* Pokemon.xcdatamodel */;
			path = Pokemon.xcdatamodeld;
			sourceTree = "<group>";
			versionGroupType = wrapper.xcdatamodel;
		};
/* End XCVersionGroup section */
	};
	rootObject = 917356C61E8269200076A6FB /* Project object */;
}
